schema: '2.0'
stages:
  silver:
    cmd: python -m src.silver.build_silver
    deps:
    - path: data/raw
      hash: md5
      md5: 125811f1d659cd52ee1741a71761b867.dir
      size: 34011172
      nfiles: 8474
    - path: src/silver/
      hash: md5
      md5: 479f03c67f1afcc49827a012fcda0582.dir
      size: 91644
      nfiles: 10
    outs:
    - path: data/silver
      hash: md5
      md5: f393da21faa28f38168746325346634f.dir
      size: 1055801
      nfiles: 10
  gold:
    cmd: python -m src.gold.build_gold
    deps:
    - path: data/silver
      hash: md5
      md5: f393da21faa28f38168746325346634f.dir
      size: 1055801
      nfiles: 10
    - path: src/gold/
      hash: md5
      md5: f7ce6773f646b6984dd495c31e99be9a.dir
      size: 71135
      nfiles: 16
    outs:
    - path: data/gold
      hash: md5
      md5: fc082e7150a0aaf5a39ccd570273c085.dir
      size: 512389
      nfiles: 1
