schema: '2.0'
stages:
  silver:
    cmd: python -m src.silver.build_silver
    deps:
    - path: data/raw
      hash: md5
      md5: a7c861caabb02c0f63c2e6495f558fd0.dir
      size: 34410117
      nfiles: 8684
    - path: src/silver/
      hash: md5
      md5: 479f03c67f1afcc49827a012fcda0582.dir
      size: 91644
      nfiles: 10
    outs:
    - path: data/silver
      hash: md5
      md5: afa7a25abd339a7eb72a97cb666d254a.dir
      size: 1056775
      nfiles: 10
  gold:
    cmd: python -m src.gold.build_gold
    deps:
    - path: data/silver
      hash: md5
      md5: afa7a25abd339a7eb72a97cb666d254a.dir
      size: 1056775
      nfiles: 10
    - path: src/gold/
      hash: md5
      md5: f7ce6773f646b6984dd495c31e99be9a.dir
      size: 71135
      nfiles: 16
    outs:
    - path: data/gold
      hash: md5
      md5: 54405e3655903eb1d8af3d4f00e2b42d.dir
      size: 513476
      nfiles: 1
