schema: '2.0'
stages:
  silver:
    cmd: python -m src.silver.build_silver
    deps:
    - path: data/raw
      hash: md5
      md5: bfa1c780cad154ce62dc8c99575f8396.dir
      size: 33475566
      nfiles: 8278
    - path: src/silver/
      hash: md5
      md5: 479f03c67f1afcc49827a012fcda0582.dir
      size: 91644
      nfiles: 10
    outs:
    - path: data/silver
      hash: md5
      md5: ca9baa5bc4a7fe4ca48e31c28d9f8190.dir
      size: 1053332
      nfiles: 10
  gold:
    cmd: python -m src.gold.build_gold
    deps:
    - path: data/silver
      hash: md5
      md5: ca9baa5bc4a7fe4ca48e31c28d9f8190.dir
      size: 1053332
      nfiles: 10
    - path: src/gold/
      hash: md5
      md5: f7ce6773f646b6984dd495c31e99be9a.dir
      size: 71135
      nfiles: 16
    outs:
    - path: data/gold
      hash: md5
      md5: 9651b16f35545b8e5ec0f9f339ae70b6.dir
      size: 510439
      nfiles: 1
